
Microsoft Visual Studio Solution File, Format Version 12.00
# Visual Studio Version 17
VisualStudioVersion = 17.8.34525.116
MinimumVisualStudioVersion = 10.0.40219.1
Project("{9A19103F-16F7-4668-BE54-9A1E7A4F7556}") = "st10158209", "st10158209.csproj", "{27BE6813-A36F-45DE-B012-C4BC636559C9}"
EndProject
Project("{FAE04EC0-301F-11D3-BF4B-00C04F79EFBC}") = "FunctionApp2", "..\FunctionApp2\FunctionApp2.csproj", "{2C89AB44-2E86-457B-89B6-65454CD19C39}"
EndProject
Global
	GlobalSection(SolutionConfigurationPlatforms) = preSolution
		Debug|Any CPU = Debug|Any CPU
		Release|Any CPU = Release|Any CPU
	EndGlobalSection
	GlobalSection(ProjectConfigurationPlatforms) = postSolution
		{27BE6813-A36F-45DE-B012-C4BC636559C9}.Debug|Any CPU.ActiveCfg = Debug|Any CPU
		{27BE6813-A36F-45DE-B012-C4BC636559C9}.Debug|Any CPU.Build.0 = Debug|Any CPU
		{27BE6813-A36F-45DE-B012-C4BC636559C9}.Release|Any CPU.ActiveCfg = Release|Any CPU
		{27BE6813-A36F-45DE-B012-C4BC636559C9}.Release|Any CPU.Build.0 = Release|Any CPU
		{2C89AB44-2E86-457B-89B6-65454CD19C39}.Debug|Any CPU.ActiveCfg = Debug|Any CPU
		{2C89AB44-2E86-457B-89B6-65454CD19C39}.Debug|Any CPU.Build.0 = Debug|Any CPU
		{2C89AB44-2E86-457B-89B6-65454CD19C39}.Release|Any CPU.ActiveCfg = Release|Any CPU
		{2C89AB44-2E86-457B-89B6-65454CD19C39}.Release|Any CPU.Build.0 = Release|Any CPU
	EndGlobalSection
	GlobalSection(SolutionProperties) = preSolution
		HideSolutionNode = FALSE
	EndGlobalSection
	GlobalSection(ExtensibilityGlobals) = postSolution
		SolutionGuid = {05332DCB-4673-4DE5-AFEF-26850D696845}
	EndGlobalSection
EndGlobal
